
Microsoft Visual Studio Solution File, Format Version 12.00
# Visual Studio Version 17
VisualStudioVersion = 17.7.34024.191
MinimumVisualStudioVersion = 10.0.40219.1
Project("{FAE04EC0-301F-11D3-BF4B-00C04F79EFBC}") = "Address book with data binding", "Address book with data binding\Address book with data binding.csproj", "{FE64BDB9-2E2C-440C-8F5B-224AC016F428}"
EndProject
Global
	GlobalSection(SolutionConfigurationPlatforms) = preSolution
		Debug|Any CPU = Debug|Any CPU
		Release|Any CPU = Release|Any CPU
	EndGlobalSection
	GlobalSection(ProjectConfigurationPlatforms) = postSolution
		{FE64BDB9-2E2C-440C-8F5B-224AC016F428}.Debug|Any CPU.ActiveCfg = Debug|Any CPU
		{FE64BDB9-2E2C-440C-8F5B-224AC016F428}.Debug|Any CPU.Build.0 = Debug|Any CPU
		{FE64BDB9-2E2C-440C-8F5B-224AC016F428}.Release|Any CPU.ActiveCfg = Release|Any CPU
		{FE64BDB9-2E2C-440C-8F5B-224AC016F428}.Release|Any CPU.Build.0 = Release|Any CPU
	EndGlobalSection
	GlobalSection(SolutionProperties) = preSolution
		HideSolutionNode = FALSE
	EndGlobalSection
	GlobalSection(ExtensibilityGlobals) = postSolution
		SolutionGuid = {7C36EA45-9537-4BB6-AC20-18F48DB7F4D4}
	EndGlobalSection
EndGlobal
